
Microsoft Visual Studio Solution File, Format Version 12.00
# Visual Studio Version 17
VisualStudioVersion = 17.5.002.0
MinimumVisualStudioVersion = 10.0.40219.1
Project("{9A19103F-16F7-4668-BE54-9A1E7A4F7556}") = "TransactionService", "TransactionService.csproj", "{0DE0CE88-62FE-42BA-9648-4DEECDBAFA04}"
EndProject
Global
	GlobalSection(SolutionConfigurationPlatforms) = preSolution
		Debug|Any CPU = Debug|Any CPU
		Release|Any CPU = Release|Any CPU
	EndGlobalSection
	GlobalSection(ProjectConfigurationPlatforms) = postSolution
		{0DE0CE88-62FE-42BA-9648-4DEECDBAFA04}.Debug|Any CPU.ActiveCfg = Debug|Any CPU
		{0DE0CE88-62FE-42BA-9648-4DEECDBAFA04}.Debug|Any CPU.Build.0 = Debug|Any CPU
		{0DE0CE88-62FE-42BA-9648-4DEECDBAFA04}.Release|Any CPU.ActiveCfg = Release|Any CPU
		{0DE0CE88-62FE-42BA-9648-4DEECDBAFA04}.Release|Any CPU.Build.0 = Release|Any CPU
	EndGlobalSection
	GlobalSection(SolutionProperties) = preSolution
		HideSolutionNode = FALSE
	EndGlobalSection
	GlobalSection(ExtensibilityGlobals) = postSolution
		SolutionGuid = {A81E4796-A0B9-4914-9283-9F047D0EE8D7}
	EndGlobalSection
EndGlobal
